
Microsoft Visual Studio Solution File, Format Version 12.00
# Visual Studio 15
VisualStudioVersion = 15.0.28010.2046
MinimumVisualStudioVersion = 10.0.40219.1
Project("{9A19103F-16F7-4668-BE54-9A1E7A4F7556}") = "ACM.BL", "ACM.BL\ACM.BL.csproj", "{AA417AFF-5DFB-4146-A468-F04C6A93CE23}"
EndProject
Project("{9A19103F-16F7-4668-BE54-9A1E7A4F7556}") = "Core.Common", "Core.Common\Core.Common.csproj", "{E88B011E-83EA-48FC-9B92-11A7DBD2E45E}"
EndProject
Project("{9A19103F-16F7-4668-BE54-9A1E7A4F7556}") = "WebAppServices", "WebAppServices\WebAppServices.csproj", "{FDDA0F4F-BF94-4197-8EE5-CB7286C23553}"
EndProject
Project("{2150E333-8FDC-42A3-9474-1A3956D46DE8}") = "Tests", "Tests", "{FABC132E-4FE8-48C7-A16F-D6CE30F79B4A}"
EndProject
Project("{FAE04EC0-301F-11D3-BF4B-00C04F79EFBC}") = "ACM.BLTest", "ACM.BLTest\ACM.BLTest.csproj", "{F8D20212-DC49-47B5-9F12-F8FE6232D14A}"
EndProject
Global
	GlobalSection(SolutionConfigurationPlatforms) = preSolution
		Debug|Any CPU = Debug|Any CPU
		Release|Any CPU = Release|Any CPU
	EndGlobalSection
	GlobalSection(ProjectConfigurationPlatforms) = postSolution
		{AA417AFF-5DFB-4146-A468-F04C6A93CE23}.Debug|Any CPU.ActiveCfg = Debug|Any CPU
		{AA417AFF-5DFB-4146-A468-F04C6A93CE23}.Debug|Any CPU.Build.0 = Debug|Any CPU
		{AA417AFF-5DFB-4146-A468-F04C6A93CE23}.Release|Any CPU.ActiveCfg = Release|Any CPU
		{AA417AFF-5DFB-4146-A468-F04C6A93CE23}.Release|Any CPU.Build.0 = Release|Any CPU
		{E88B011E-83EA-48FC-9B92-11A7DBD2E45E}.Debug|Any CPU.ActiveCfg = Debug|Any CPU
		{E88B011E-83EA-48FC-9B92-11A7DBD2E45E}.Debug|Any CPU.Build.0 = Debug|Any CPU
		{E88B011E-83EA-48FC-9B92-11A7DBD2E45E}.Release|Any CPU.ActiveCfg = Release|Any CPU
		{E88B011E-83EA-48FC-9B92-11A7DBD2E45E}.Release|Any CPU.Build.0 = Release|Any CPU
		{FDDA0F4F-BF94-4197-8EE5-CB7286C23553}.Debug|Any CPU.ActiveCfg = Debug|Any CPU
		{FDDA0F4F-BF94-4197-8EE5-CB7286C23553}.Debug|Any CPU.Build.0 = Debug|Any CPU
		{FDDA0F4F-BF94-4197-8EE5-CB7286C23553}.Release|Any CPU.ActiveCfg = Release|Any CPU
		{FDDA0F4F-BF94-4197-8EE5-CB7286C23553}.Release|Any CPU.Build.0 = Release|Any CPU
		{F8D20212-DC49-47B5-9F12-F8FE6232D14A}.Debug|Any CPU.ActiveCfg = Debug|Any CPU
		{F8D20212-DC49-47B5-9F12-F8FE6232D14A}.Debug|Any CPU.Build.0 = Debug|Any CPU
		{F8D20212-DC49-47B5-9F12-F8FE6232D14A}.Release|Any CPU.ActiveCfg = Release|Any CPU
		{F8D20212-DC49-47B5-9F12-F8FE6232D14A}.Release|Any CPU.Build.0 = Release|Any CPU
	EndGlobalSection
	GlobalSection(SolutionProperties) = preSolution
		HideSolutionNode = FALSE
	EndGlobalSection
	GlobalSection(NestedProjects) = preSolution
		{F8D20212-DC49-47B5-9F12-F8FE6232D14A} = {FABC132E-4FE8-48C7-A16F-D6CE30F79B4A}
	EndGlobalSection
	GlobalSection(ExtensibilityGlobals) = postSolution
		SolutionGuid = {21BB0563-B799-4577-81D0-3F9B9028394D}
	EndGlobalSection
EndGlobal
